// !$*UTF8*$!
{
	archiveVersion = 1;
	classes = {
	};
	objectVersion = 50;
	objects = {

/* Begin PBXBuildFile section */
		992C7693818B399EE45031FC /* Pods_AnalySDKDemo.framework in Frameworks */ = {isa = PBXBuildFile; fileRef = EEED994AA2C736A9AA3C39B3 /* Pods_AnalySDKDemo.framework */; };
		9B81B4D22474B1C3004800CB /* AppDelegate.m in Sources */ = {isa = PBXBuildFile; fileRef = 9B81B4D12474B1C3004800CB /* AppDelegate.m */; };
		9B81B4D82474B1C3004800CB /* ViewController.m in Sources */ = {isa = PBXBuildFile; fileRef = 9B81B4D72474B1C3004800CB /* ViewController.m */; };
		9B81B4DB2474B1C3004800CB /* Main.storyboard in Resources */ = {isa = PBXBuildFile; fileRef = 9B81B4D92474B1C3004800CB /* Main.storyboard */; };
		9B81B4DD2474B1C8004800CB /* Assets.xcassets in Resources */ = {isa = PBXBuildFile; fileRef = 9B81B4DC2474B1C8004800CB /* Assets.xcassets */; };
		9B81B4E02474B1C8004800CB /* LaunchScreen.storyboard in Resources */ = {isa = PBXBuildFile; fileRef = 9B81B4DE2474B1C8004800CB /* LaunchScreen.storyboard */; };
		9B81B4E32474B1C8004800CB /* main.m in Sources */ = {isa = PBXBuildFile; fileRef = 9B81B4E22474B1C8004800CB /* main.m */; };
		9B81B4ED2474B1C8004800CB /* AnalySDKDemoTests.m in Sources */ = {isa = PBXBuildFile; fileRef = 9B81B4EC2474B1C8004800CB /* AnalySDKDemoTests.m */; };
		9BBA5F49247BA3FD00CFF7FA /* UIViewController+Analyse.m in Sources */ = {isa = PBXBuildFile; fileRef = 9BBA5F47247BA3FD00CFF7FA /* UIViewController+Analyse.m */; };
		9BBA5F4A247BA3FD00CFF7FA /* UIView+Analyse.m in Sources */ = {isa = PBXBuildFile; fileRef = 9BBA5F48247BA3FD00CFF7FA /* UIView+Analyse.m */; };
		9BBA5F4D247BA48E00CFF7FA /* UIApplication+Analyse.m in Sources */ = {isa = PBXBuildFile; fileRef = 9BBA5F4C247BA48E00CFF7FA /* UIApplication+Analyse.m */; };
		9BBA5F53247BA7C300CFF7FA /* NSObject+Swizzle.m in Sources */ = {isa = PBXBuildFile; fileRef = 9BBA5F52247BA7C300CFF7FA /* NSObject+Swizzle.m */; };
/* End PBXBuildFile section */

/* Begin PBXContainerItemProxy section */
		9B81B4E92474B1C8004800CB /* PBXContainerItemProxy */ = {
			isa = PBXContainerItemProxy;
			containerPortal = 9B81B4C52474B1C3004800CB /* Project object */;
			proxyType = 1;
			remoteGlobalIDString = 9B81B4CC2474B1C3004800CB;
			remoteInfo = AnalySDKDemo;
		};
/* End PBXContainerItemProxy section */

/* Begin PBXFileReference section */
		7665310E6EBAEE6D04795675 /* Pods-AnalySDKDemo.debug.xcconfig */ = {isa = PBXFileReference; includeInIndex = 1; lastKnownFileType = text.xcconfig; name = "Pods-AnalySDKDemo.debug.xcconfig"; path = "Target Support Files/Pods-AnalySDKDemo/Pods-AnalySDKDemo.debug.xcconfig"; sourceTree = "<group>"; };
		9B81B4CD2474B1C3004800CB /* AnalySDKDemo.app */ = {isa = PBXFileReference; explicitFileType = wrapper.application; includeInIndex = 0; path = AnalySDKDemo.app; sourceTree = BUILT_PRODUCTS_DIR; };
		9B81B4D02474B1C3004800CB /* AppDelegate.h */ = {isa = PBXFileReference; lastKnownFileType = sourcecode.c.h; path = AppDelegate.h; sourceTree = "<group>"; };
		9B81B4D12474B1C3004800CB /* AppDelegate.m */ = {isa = PBXFileReference; lastKnownFileType = sourcecode.c.objc; path = AppDelegate.m; sourceTree = "<group>"; };
		9B81B4D62474B1C3004800CB /* ViewController.h */ = {isa = PBXFileReference; lastKnownFileType = sourcecode.c.h; path = ViewController.h; sourceTree = "<group>"; };
		9B81B4D72474B1C3004800CB /* ViewController.m */ = {isa = PBXFileReference; lastKnownFileType = sourcecode.c.objc; path = ViewController.m; sourceTree = "<group>"; };
		9B81B4DA2474B1C3004800CB /* Base */ = {isa = PBXFileReference; lastKnownFileType = file.storyboard; name = Base; path = Base.lproj/Main.storyboard; sourceTree = "<group>"; };
		9B81B4DC2474B1C8004800CB /* Assets.xcassets */ = {isa = PBXFileReference; lastKnownFileType = folder.assetcatalog; path = Assets.xcassets; sourceTree = "<group>"; };
		9B81B4DF2474B1C8004800CB /* Base */ = {isa = PBXFileReference; lastKnownFileType = file.storyboard; name = Base; path = Base.lproj/LaunchScreen.storyboard; sourceTree = "<group>"; };
		9B81B4E12474B1C8004800CB /* Info.plist */ = {isa = PBXFileReference; lastKnownFileType = text.plist.xml; path = Info.plist; sourceTree = "<group>"; };
		9B81B4E22474B1C8004800CB /* main.m */ = {isa = PBXFileReference; lastKnownFileType = sourcecode.c.objc; path = main.m; sourceTree = "<group>"; };
		9B81B4E82474B1C8004800CB /* AnalySDKDemoTests.xctest */ = {isa = PBXFileReference; explicitFileType = wrapper.cfbundle; includeInIndex = 0; path = AnalySDKDemoTests.xctest; sourceTree = BUILT_PRODUCTS_DIR; };
		9B81B4EC2474B1C8004800CB /* AnalySDKDemoTests.m */ = {isa = PBXFileReference; lastKnownFileType = sourcecode.c.objc; path = AnalySDKDemoTests.m; sourceTree = "<group>"; };
		9B81B4EE2474B1C8004800CB /* Info.plist */ = {isa = PBXFileReference; lastKnownFileType = text.plist.xml; path = Info.plist; sourceTree = "<group>"; };
		9BBA5F45247BA3FD00CFF7FA /* UIViewController+Analyse.h */ = {isa = PBXFileReference; fileEncoding = 4; lastKnownFileType = sourcecode.c.h; path = "UIViewController+Analyse.h"; sourceTree = "<group>"; };
		9BBA5F46247BA3FD00CFF7FA /* UIView+Analyse.h */ = {isa = PBXFileReference; fileEncoding = 4; lastKnownFileType = sourcecode.c.h; path = "UIView+Analyse.h"; sourceTree = "<group>"; };
		9BBA5F47247BA3FD00CFF7FA /* UIViewController+Analyse.m */ = {isa = PBXFileReference; fileEncoding = 4; lastKnownFileType = sourcecode.c.objc; path = "UIViewController+Analyse.m"; sourceTree = "<group>"; };
		9BBA5F48247BA3FD00CFF7FA /* UIView+Analyse.m */ = {isa = PBXFileReference; fileEncoding = 4; lastKnownFileType = sourcecode.c.objc; path = "UIView+Analyse.m"; sourceTree = "<group>"; };
		9BBA5F4B247BA48E00CFF7FA /* UIApplication+Analyse.h */ = {isa = PBXFileReference; lastKnownFileType = sourcecode.c.h; path = "UIApplication+Analyse.h"; sourceTree = "<group>"; };
		9BBA5F4C247BA48E00CFF7FA /* UIApplication+Analyse.m */ = {isa = PBXFileReference; lastKnownFileType = sourcecode.c.objc; path = "UIApplication+Analyse.m"; sourceTree = "<group>"; };
		9BBA5F51247BA7C300CFF7FA /* NSObject+Swizzle.h */ = {isa = PBXFileReference; lastKnownFileType = sourcecode.c.h; path = "NSObject+Swizzle.h"; sourceTree = "<group>"; };
		9BBA5F52247BA7C300CFF7FA /* NSObject+Swizzle.m */ = {isa = PBXFileReference; lastKnownFileType = sourcecode.c.objc; path = "NSObject+Swizzle.m"; sourceTree = "<group>"; };
		A3A05A35BBF561628915ABCD /* Pods-AnalySDKDemo.release.xcconfig */ = {isa = PBXFileReference; includeInIndex = 1; lastKnownFileType = text.xcconfig; name = "Pods-AnalySDKDemo.release.xcconfig"; path = "Target Support Files/Pods-AnalySDKDemo/Pods-AnalySDKDemo.release.xcconfig"; sourceTree = "<group>"; };
		EEED994AA2C736A9AA3C39B3 /* Pods_AnalySDKDemo.framework */ = {isa = PBXFileReference; explicitFileType = wrapper.framework; includeInIndex = 0; path = Pods_AnalySDKDemo.framework; sourceTree = BUILT_PRODUCTS_DIR; };
/* End PBXFileReference section */

/* Begin PBXFrameworksBuildPhase section */
		9B81B4CA2474B1C3004800CB /* Frameworks */ = {
			isa = PBXFrameworksBuildPhase;
			buildActionMask = 2147483647;
			files = (
				992C7693818B399EE45031FC /* Pods_AnalySDKDemo.framework in Frameworks */,
			);
			runOnlyForDeploymentPostprocessing = 0;
		};
		9B81B4E52474B1C8004800CB /* Frameworks */ = {
			isa = PBXFrameworksBuildPhase;
			buildActionMask = 2147483647;
			files = (
			);
			runOnlyForDeploymentPostprocessing = 0;
		};
/* End PBXFrameworksBuildPhase section */

/* Begin PBXGroup section */
		26223C16E43FC574AFFB88A7 /* Pods */ = {
			isa = PBXGroup;
			children = (
				7665310E6EBAEE6D04795675 /* Pods-AnalySDKDemo.debug.xcconfig */,
				A3A05A35BBF561628915ABCD /* Pods-AnalySDKDemo.release.xcconfig */,
			);
			path = Pods;
			sourceTree = "<group>";
		};
		3FF390EDB9E8D4A5D00679F1 /* Frameworks */ = {
			isa = PBXGroup;
			children = (
				EEED994AA2C736A9AA3C39B3 /* Pods_AnalySDKDemo.framework */,
			);
			name = Frameworks;
			sourceTree = "<group>";
		};
		9B81B4C42474B1C3004800CB = {
			isa = PBXGroup;
			children = (
				9B81B4CF2474B1C3004800CB /* AnalySDKDemo */,
				9B81B4EB2474B1C8004800CB /* AnalySDKDemoTests */,
				9B81B4CE2474B1C3004800CB /* Products */,
				26223C16E43FC574AFFB88A7 /* Pods */,
				3FF390EDB9E8D4A5D00679F1 /* Frameworks */,
			);
			sourceTree = "<group>";
		};
		9B81B4CE2474B1C3004800CB /* Products */ = {
			isa = PBXGroup;
			children = (
				9B81B4CD2474B1C3004800CB /* AnalySDKDemo.app */,
				9B81B4E82474B1C8004800CB /* AnalySDKDemoTests.xctest */,
			);
			name = Products;
			sourceTree = "<group>";
		};
		9B81B4CF2474B1C3004800CB /* AnalySDKDemo */ = {
			isa = PBXGroup;
			children = (
				9B81B4D02474B1C3004800CB /* AppDelegate.h */,
				9B81B4D12474B1C3004800CB /* AppDelegate.m */,
				9B81B4D62474B1C3004800CB /* ViewController.h */,
				9B81B4D72474B1C3004800CB /* ViewController.m */,
				9BBA5F44247BA3FD00CFF7FA /* Cocospod0521 */,
				9B81B4D92474B1C3004800CB /* Main.storyboard */,
				9B81B4DC2474B1C8004800CB /* Assets.xcassets */,
				9B81B4DE2474B1C8004800CB /* LaunchScreen.storyboard */,
				9B81B4E12474B1C8004800CB /* Info.plist */,
				9B81B4E22474B1C8004800CB /* main.m */,
			);
			path = AnalySDKDemo;
			sourceTree = "<group>";
		};
		9B81B4EB2474B1C8004800CB /* AnalySDKDemoTests */ = {
			isa = PBXGroup;
			children = (
				9B81B4EC2474B1C8004800CB /* AnalySDKDemoTests.m */,
				9B81B4EE2474B1C8004800CB /* Info.plist */,
			);
			path = AnalySDKDemoTests;
			sourceTree = "<group>";
		};
		9BBA5F44247BA3FD00CFF7FA /* Cocospod0521 */ = {
			isa = PBXGroup;
			children = (
				9BBA5F4B247BA48E00CFF7FA /* UIApplication+Analyse.h */,
				9BBA5F4C247BA48E00CFF7FA /* UIApplication+Analyse.m */,
				9BBA5F46247BA3FD00CFF7FA /* UIView+Analyse.h */,
				9BBA5F48247BA3FD00CFF7FA /* UIView+Analyse.m */,
				9BBA5F45247BA3FD00CFF7FA /* UIViewController+Analyse.h */,
				9BBA5F47247BA3FD00CFF7FA /* UIViewController+Analyse.m */,
				9BBA5F51247BA7C300CFF7FA /* NSObject+Swizzle.h */,
				9BBA5F52247BA7C300CFF7FA /* NSObject+Swizzle.m */,
			);
			path = Cocospod0521;
			sourceTree = "<group>";
		};
/* End PBXGroup section */

/* Begin PBXNativeTarget section */
		9B81B4CC2474B1C3004800CB /* AnalySDKDemo */ = {
			isa = PBXNativeTarget;
			buildConfigurationList = 9B81B4F12474B1C8004800CB /* Build configuration list for PBXNativeTarget "AnalySDKDemo" */;
			buildPhases = (
				AEA29B9F332269FE5075EFCC /* [CP] Check Pods Manifest.lock */,
				9B81B4C92474B1C3004800CB /* Sources */,
				9B81B4CA2474B1C3004800CB /* Frameworks */,
				9B81B4CB2474B1C3004800CB /* Resources */,
			);
			buildRules = (
			);
			dependencies = (
			);
			name = AnalySDKDemo;
			productName = AnalySDKDemo;
			productReference = 9B81B4CD2474B1C3004800CB /* AnalySDKDemo.app */;
			productType = "com.apple.product-type.application";
		};
		9B81B4E72474B1C8004800CB /* AnalySDKDemoTests */ = {
			isa = PBXNativeTarget;
			buildConfigurationList = 9B81B4F42474B1C8004800CB /* Build configuration list for PBXNativeTarget "AnalySDKDemoTests" */;
			buildPhases = (
				9B81B4E42474B1C8004800CB /* Sources */,
				9B81B4E52474B1C8004800CB /* Frameworks */,
				9B81B4E62474B1C8004800CB /* Resources */,
			);
			buildRules = (
			);
			dependencies = (
				9B81B4EA2474B1C8004800CB /* PBXTargetDependency */,
			);
			name = AnalySDKDemoTests;
			productName = AnalySDKDemoTests;
			productReference = 9B81B4E82474B1C8004800CB /* AnalySDKDemoTests.xctest */;
			productType = "com.apple.product-type.bundle.unit-test";
		};
/* End PBXNativeTarget section */

/* Begin PBXProject section */
		9B81B4C52474B1C3004800CB /* Project object */ = {
			isa = PBXProject;
			attributes = {
				LastUpgradeCheck = 1140;
				ORGANIZATIONNAME = farben;
				TargetAttributes = {
					9B81B4CC2474B1C3004800CB = {
						CreatedOnToolsVersion = 11.4.1;
					};
					9B81B4E72474B1C8004800CB = {
						CreatedOnToolsVersion = 11.4.1;
						TestTargetID = 9B81B4CC2474B1C3004800CB;
					};
				};
			};
			buildConfigurationList = 9B81B4C82474B1C3004800CB /* Build configuration list for PBXProject "AnalySDKDemo" */;
			compatibilityVersion = "Xcode 9.3";
			developmentRegion = en;
			hasScannedForEncodings = 0;
			knownRegions = (
				en,
				Base,
			);
			mainGroup = 9B81B4C42474B1C3004800CB;
			productRefGroup = 9B81B4CE2474B1C3004800CB /* Products */;
			projectDirPath = "";
			projectRoot = "";
			targets = (
				9B81B4CC2474B1C3004800CB /* AnalySDKDemo */,
				9B81B4E72474B1C8004800CB /* AnalySDKDemoTests */,
			);
		};
/* End PBXProject section */

/* Begin PBXResourcesBuildPhase section */
		9B81B4CB2474B1C3004800CB /* Resources */ = {
			isa = PBXResourcesBuildPhase;
			buildActionMask = 2147483647;
			files = (
				9B81B4E02474B1C8004800CB /* LaunchScreen.storyboard in Resources */,
				9B81B4DD2474B1C8004800CB /* Assets.xcassets in Resources */,
				9B81B4DB2474B1C3004800CB /* Main.storyboard in Resources */,
			);
			runOnlyForDeploymentPostprocessing = 0;
		};
		9B81B4E62474B1C8004800CB /* Resources */ = {
			isa = PBXResourcesBuildPhase;
			buildActionMask = 2147483647;
			files = (
			);
			runOnlyForDeploymentPostprocessing = 0;
		};
/* End PBXResourcesBuildPhase section */

/* Begin PBXShellScriptBuildPhase section */
		AEA29B9F332269FE5075EFCC /* [CP] Check Pods Manifest.lock */ = {
			isa = PBXShellScriptBuildPhase;
			buildActionMask = 2147483647;
			files = (
			);
			inputFileListPaths = (
			);
			inputPaths = (
				"${PODS_PODFILE_DIR_PATH}/Podfile.lock",
				"${PODS_ROOT}/Manifest.lock",
			);
			name = "[CP] Check Pods Manifest.lock";
			outputFileListPaths = (
			);
			outputPaths = (
				"$(DERIVED_FILE_DIR)/Pods-AnalySDKDemo-checkManifestLockResult.txt",
			);
			runOnlyForDeploymentPostprocessing = 0;
			shellPath = /bin/sh;
			shellScript = "diff \"${PODS_PODFILE_DIR_PATH}/Podfile.lock\" \"${PODS_ROOT}/Manifest.lock\" > /dev/null\nif [ $? != 0 ] ; then\n    # print error to STDERR\n    echo \"error: The sandbox is not in sync with the Podfile.lock. Run 'pod install' or update your CocoaPods installation.\" >&2\n    exit 1\nfi\n# This output is used by Xcode 'outputs' to avoid re-running this script phase.\necho \"SUCCESS\" > \"${SCRIPT_OUTPUT_FILE_0}\"\n";
			showEnvVarsInLog = 0;
		};
/* End PBXShellScriptBuildPhase section */

/* Begin PBXSourcesBuildPhase section */
		9B81B4C92474B1C3004800CB /* Sources */ = {
			isa = PBXSourcesBuildPhase;
			buildActionMask = 2147483647;
			files = (
				9BBA5F53247BA7C300CFF7FA /* NSObject+Swizzle.m in Sources */,
				9BBA5F4D247BA48E00CFF7FA /* UIApplication+Analyse.m in Sources */,
				9B81B4D82474B1C3004800CB /* ViewController.m in Sources */,
				9B81B4D22474B1C3004800CB /* AppDelegate.m in Sources */,
				9BBA5F49247BA3FD00CFF7FA /* UIViewController+Analyse.m in Sources */,
				9B81B4E32474B1C8004800CB /* main.m in Sources */,
				9BBA5F4A247BA3FD00CFF7FA /* UIView+Analyse.m in Sources */,
			);
			runOnlyForDeploymentPostprocessing = 0;
		};
		9B81B4E42474B1C8004800CB /* Sources */ = {
			isa = PBXSourcesBuildPhase;
			buildActionMask = 2147483647;
			files = (
				9B81B4ED2474B1C8004800CB /* AnalySDKDemoTests.m in Sources */,
			);
			runOnlyForDeploymentPostprocessing = 0;
		};
/* End PBXSourcesBuildPhase section */

/* Begin PBXTargetDependency section */
		9B81B4EA2474B1C8004800CB /* PBXTargetDependency */ = {
			isa = PBXTargetDependency;
			target = 9B81B4CC2474B1C3004800CB /* AnalySDKDemo */;
			targetProxy = 9B81B4E92474B1C8004800CB /* PBXContainerItemProxy */;
		};
/* End PBXTargetDependency section */

/* Begin PBXVariantGroup section */
		9B81B4D92474B1C3004800CB /* Main.storyboard */ = {
			isa = PBXVariantGroup;
			children = (
				9B81B4DA2474B1C3004800CB /* Base */,
			);
			name = Main.storyboard;
			sourceTree = "<group>";
		};
		9B81B4DE2474B1C8004800CB /* LaunchScreen.storyboard */ = {
			isa = PBXVariantGroup;
			children = (
				9B81B4DF2474B1C8004800CB /* Base */,
			);
			name = LaunchScreen.storyboard;
			sourceTree = "<group>";
		};
/* End PBXVariantGroup section */

/* Begin XCBuildConfiguration section */
		9B81B4EF2474B1C8004800CB /* Debug */ = {
			isa = XCBuildConfiguration;
			buildSettings = {
				ALWAYS_SEARCH_USER_PATHS = NO;
				CLANG_ANALYZER_NONNULL = YES;
				CLANG_ANALYZER_NUMBER_OBJECT_CONVERSION = YES_AGGRESSIVE;
				CLANG_CXX_LANGUAGE_STANDARD = "gnu++14";
				CLANG_CXX_LIBRARY = "libc++";
				CLANG_ENABLE_MODULES = YES;
				CLANG_ENABLE_OBJC_ARC = YES;
				CLANG_ENABLE_OBJC_WEAK = YES;
				CLANG_WARN_BLOCK_CAPTURE_AUTORELEASING = YES;
				CLANG_WARN_BOOL_CONVERSION = YES;
				CLANG_WARN_COMMA = YES;
				CLANG_WARN_CONSTANT_CONVERSION = YES;
				CLANG_WARN_DEPRECATED_OBJC_IMPLEMENTATIONS = YES;
				CLANG_WARN_DIRECT_OBJC_ISA_USAGE = YES_ERROR;
				CLANG_WARN_DOCUMENTATION_COMMENTS = YES;
				CLANG_WARN_EMPTY_BODY = YES;
				CLANG_WARN_ENUM_CONVERSION = YES;
				CLANG_WARN_INFINITE_RECURSION = YES;
				CLANG_WARN_INT_CONVERSION = YES;
				CLANG_WARN_NON_LITERAL_NULL_CONVERSION = YES;
				CLANG_WARN_OBJC_IMPLICIT_RETAIN_SELF = YES;
				CLANG_WARN_OBJC_LITERAL_CONVERSION = YES;
				CLANG_WARN_OBJC_ROOT_CLASS = YES_ERROR;
				CLANG_WARN_RANGE_LOOP_ANALYSIS = YES;
				CLANG_WARN_STRICT_PROTOTYPES = YES;
				CLANG_WARN_SUSPICIOUS_MOVE = YES;
				CLANG_WARN_UNGUARDED_AVAILABILITY = YES_AGGRESSIVE;
				CLANG_WARN_UNREACHABLE_CODE = YES;
				CLANG_WARN__DUPLICATE_METHOD_MATCH = YES;
				COPY_PHASE_STRIP = NO;
				DEBUG_INFORMATION_FORMAT = dwarf;
				ENABLE_STRICT_OBJC_MSGSEND = YES;
				ENABLE_TESTABILITY = YES;
				GCC_C_LANGUAGE_STANDARD = gnu11;
				GCC_DYNAMIC_NO_PIC = NO;
				GCC_NO_COMMON_BLOCKS = YES;
				GCC_OPTIMIZATION_LEVEL = 0;
				GCC_PREPROCESSOR_DEFINITIONS = (
					"DEBUG=1",
					"$(inherited)",
				);
				GCC_WARN_64_TO_32_BIT_CONVERSION = YES;
				GCC_WARN_ABOUT_RETURN_TYPE = YES_ERROR;
				GCC_WARN_UNDECLARED_SELECTOR = YES;
				GCC_WARN_UNINITIALIZED_AUTOS = YES_AGGRESSIVE;
				GCC_WARN_UNUSED_FUNCTION = YES;
				GCC_WARN_UNUSED_VARIABLE = YES;
				IPHONEOS_DEPLOYMENT_TARGET = 13.4;
				MTL_ENABLE_DEBUG_INFO = INCLUDE_SOURCE;
				MTL_FAST_MATH = YES;
				ONLY_ACTIVE_ARCH = YES;
				SDKROOT = iphoneos;
			};
			name = Debug;
		};
		9B81B4F02474B1C8004800CB /* Release */ = {
			isa = XCBuildConfiguration;
			buildSettings = {
				ALWAYS_SEARCH_USER_PATHS = NO;
				CLANG_ANALYZER_NONNULL = YES;
				CLANG_ANALYZER_NUMBER_OBJECT_CONVERSION = YES_AGGRESSIVE;
				CLANG_CXX_LANGUAGE_STANDARD = "gnu++14";
				CLANG_CXX_LIBRARY = "libc++";
				CLANG_ENABLE_MODULES = YES;
				CLANG_ENABLE_OBJC_ARC = YES;
				CLANG_ENABLE_OBJC_WEAK = YES;
				CLANG_WARN_BLOCK_CAPTURE_AUTORELEASING = YES;
				CLANG_WARN_BOOL_CONVERSION = YES;
				CLANG_WARN_COMMA = YES;
				CLANG_WARN_CONSTANT_CONVERSION = YES;
				CLANG_WARN_DEPRECATED_OBJC_IMPLEMENTATIONS = YES;
				CLANG_WARN_DIRECT_OBJC_ISA_USAGE = YES_ERROR;
				CLANG_WARN_DOCUMENTATION_COMMENTS = YES;
				CLANG_WARN_EMPTY_BODY = YES;
				CLANG_WARN_ENUM_CONVERSION = YES;
				CLANG_WARN_INFINITE_RECURSION = YES;
				CLANG_WARN_INT_CONVERSION = YES;
				CLANG_WARN_NON_LITERAL_NULL_CONVERSION = YES;
				CLANG_WARN_OBJC_IMPLICIT_RETAIN_SELF = YES;
				CLANG_WARN_OBJC_LITERAL_CONVERSION = YES;
				CLANG_WARN_OBJC_ROOT_CLASS = YES_ERROR;
				CLANG_WARN_RANGE_LOOP_ANALYSIS = YES;
				CLANG_WARN_STRICT_PROTOTYPES = YES;
				CLANG_WARN_SUSPICIOUS_MOVE = YES;
				CLANG_WARN_UNGUARDED_AVAILABILITY = YES_AGGRESSIVE;
				CLANG_WARN_UNREACHABLE_CODE = YES;
				CLANG_WARN__DUPLICATE_METHOD_MATCH = YES;
				COPY_PHASE_STRIP = NO;
				DEBUG_INFORMATION_FORMAT = "dwarf-with-dsym";
				ENABLE_NS_ASSERTIONS = NO;
				ENABLE_STRICT_OBJC_MSGSEND = YES;
				GCC_C_LANGUAGE_STANDARD = gnu11;
				GCC_NO_COMMON_BLOCKS = YES;
				GCC_WARN_64_TO_32_BIT_CONVERSION = YES;
				GCC_WARN_ABOUT_RETURN_TYPE = YES_ERROR;
				GCC_WARN_UNDECLARED_SELECTOR = YES;
				GCC_WARN_UNINITIALIZED_AUTOS = YES_AGGRESSIVE;
				GCC_WARN_UNUSED_FUNCTION = YES;
				GCC_WARN_UNUSED_VARIABLE = YES;
				IPHONEOS_DEPLOYMENT_TARGET = 13.4;
				MTL_ENABLE_DEBUG_INFO = NO;
				MTL_FAST_MATH = YES;
				SDKROOT = iphoneos;
				VALIDATE_PRODUCT = YES;
			};
			name = Release;
		};
		9B81B4F22474B1C8004800CB /* Debug */ = {
			isa = XCBuildConfiguration;
			baseConfigurationReference = 7665310E6EBAEE6D04795675 /* Pods-AnalySDKDemo.debug.xcconfig */;
			buildSettings = {
				ASSETCATALOG_COMPILER_APPICON_NAME = AppIcon;
				CODE_SIGN_STYLE = Automatic;
				DEVELOPMENT_TEAM = CYHUA8SZF6;
				INFOPLIST_FILE = AnalySDKDemo/Info.plist;
				LD_RUNPATH_SEARCH_PATHS = (
					"$(inherited)",
					"@executable_path/Frameworks",
				);
				PRODUCT_BUNDLE_IDENTIFIER = com.yixing.AnalySDKDemo;
				PRODUCT_NAME = "$(TARGET_NAME)";
				TARGETED_DEVICE_FAMILY = "1,2";
			};
			name = Debug;
		};
		9B81B4F32474B1C8004800CB /* Release */ = {
			isa = XCBuildConfiguration;
			baseConfigurationReference = A3A05A35BBF561628915ABCD /* Pods-AnalySDKDemo.release.xcconfig */;
			buildSettings = {
				ASSETCATALOG_COMPILER_APPICON_NAME = AppIcon;
				CODE_SIGN_STYLE = Automatic;
				DEVELOPMENT_TEAM = CYHUA8SZF6;
				INFOPLIST_FILE = AnalySDKDemo/Info.plist;
				LD_RUNPATH_SEARCH_PATHS = (
					"$(inherited)",
					"@executable_path/Frameworks",
				);
				PRODUCT_BUNDLE_IDENTIFIER = com.yixing.AnalySDKDemo;
				PRODUCT_NAME = "$(TARGET_NAME)";
				TARGETED_DEVICE_FAMILY = "1,2";
			};
			name = Release;
		};
		9B81B4F52474B1C8004800CB /* Debug */ = {
			isa = XCBuildConfiguration;
			buildSettings = {
				BUNDLE_LOADER = "$(TEST_HOST)";
				CODE_SIGN_STYLE = Automatic;
				DEVELOPMENT_TEAM = CYHUA8SZF6;
				INFOPLIST_FILE = AnalySDKDemoTests/Info.plist;
				IPHONEOS_DEPLOYMENT_TARGET = 13.4;
				LD_RUNPATH_SEARCH_PATHS = (
					"$(inherited)",
					"@executable_path/Frameworks",
					"@loader_path/Frameworks",
				);
				PRODUCT_BUNDLE_IDENTIFIER = com.yixing.AnalySDKDemoTests;
				PRODUCT_NAME = "$(TARGET_NAME)";
				TARGETED_DEVICE_FAMILY = "1,2";
				TEST_HOST = "$(BUILT_PRODUCTS_DIR)/AnalySDKDemo.app/AnalySDKDemo";
			};
			name = Debug;
		};
		9B81B4F62474B1C8004800CB /* Release */ = {
			isa = XCBuildConfiguration;
			buildSettings = {
				BUNDLE_LOADER = "$(TEST_HOST)";
				CODE_SIGN_STYLE = Automatic;
				DEVELOPMENT_TEAM = CYHUA8SZF6;
				INFOPLIST_FILE = AnalySDKDemoTests/Info.plist;
				IPHONEOS_DEPLOYMENT_TARGET = 13.4;
				LD_RUNPATH_SEARCH_PATHS = (
					"$(inherited)",
					"@executable_path/Frameworks",
					"@loader_path/Frameworks",
				);
				PRODUCT_BUNDLE_IDENTIFIER = com.yixing.AnalySDKDemoTests;
				PRODUCT_NAME = "$(TARGET_NAME)";
				TARGETED_DEVICE_FAMILY = "1,2";
				TEST_HOST = "$(BUILT_PRODUCTS_DIR)/AnalySDKDemo.app/AnalySDKDemo";
			};
			name = Release;
		};
/* End XCBuildConfiguration section */

/* Begin XCConfigurationList section */
		9B81B4C82474B1C3004800CB /* Build configuration list for PBXProject "AnalySDKDemo" */ = {
			isa = XCConfigurationList;
			buildConfigurations = (
				9B81B4EF2474B1C8004800CB /* Debug */,
				9B81B4F02474B1C8004800CB /* Release */,
			);
			defaultConfigurationIsVisible = 0;
			defaultConfigurationName = Release;
		};
		9B81B4F12474B1C8004800CB /* Build configuration list for PBXNativeTarget "AnalySDKDemo" */ = {
			isa = XCConfigurationList;
			buildConfigurations = (
				9B81B4F22474B1C8004800CB /* Debug */,
				9B81B4F32474B1C8004800CB /* Release */,
			);
			defaultConfigurationIsVisible = 0;
			defaultConfigurationName = Release;
		};
		9B81B4F42474B1C8004800CB /* Build configuration list for PBXNativeTarget "AnalySDKDemoTests" */ = {
			isa = XCConfigurationList;
			buildConfigurations = (
				9B81B4F52474B1C8004800CB /* Debug */,
				9B81B4F62474B1C8004800CB /* Release */,
			);
			defaultConfigurationIsVisible = 0;
			defaultConfigurationName = Release;
		};
/* End XCConfigurationList section */
	};
	rootObject = 9B81B4C52474B1C3004800CB /* Project object */;
}
